
Microsoft Visual Studio Solution File, Format Version 12.00
# Visual Studio 14
VisualStudioVersion = 14.0.25420.1
MinimumVisualStudioVersion = 10.0.40219.1
Project("{FAE04EC0-301F-11D3-BF4B-00C04F79EFBC}") = "PrestacapTask3", "PrestacapTask3\PrestacapTask3.csproj", "{92E1D79E-EE4A-47EA-A254-3B118B886FC8}"
EndProject
Project("{FAE04EC0-301F-11D3-BF4B-00C04F79EFBC}") = "PrestacapTask3.Tests", "PrestacapTask3.Tests\PrestacapTask3.Tests.csproj", "{B572BAE0-421C-4B66-B0F2-0584ED20217A}"
EndProject
Global
	GlobalSection(SolutionConfigurationPlatforms) = preSolution
		Debug|Any CPU = Debug|Any CPU
		Release|Any CPU = Release|Any CPU
	EndGlobalSection
	GlobalSection(ProjectConfigurationPlatforms) = postSolution
		{92E1D79E-EE4A-47EA-A254-3B118B886FC8}.Debug|Any CPU.ActiveCfg = Debug|Any CPU
		{92E1D79E-EE4A-47EA-A254-3B118B886FC8}.Debug|Any CPU.Build.0 = Debug|Any CPU
		{92E1D79E-EE4A-47EA-A254-3B118B886FC8}.Release|Any CPU.ActiveCfg = Release|Any CPU
		{92E1D79E-EE4A-47EA-A254-3B118B886FC8}.Release|Any CPU.Build.0 = Release|Any CPU
		{B572BAE0-421C-4B66-B0F2-0584ED20217A}.Debug|Any CPU.ActiveCfg = Debug|Any CPU
		{B572BAE0-421C-4B66-B0F2-0584ED20217A}.Debug|Any CPU.Build.0 = Debug|Any CPU
		{B572BAE0-421C-4B66-B0F2-0584ED20217A}.Release|Any CPU.ActiveCfg = Release|Any CPU
		{B572BAE0-421C-4B66-B0F2-0584ED20217A}.Release|Any CPU.Build.0 = Release|Any CPU
	EndGlobalSection
	GlobalSection(SolutionProperties) = preSolution
		HideSolutionNode = FALSE
	EndGlobalSection
EndGlobal
